// !$*UTF8*$!
{
	archiveVersion = 1;
	classes = {
	};
	objectVersion = 77;
	objects = {

/* Begin PBXBuildFile section */
		6D006F932B217A6C51F5B6C3 /* Pods_MovieHubTests.framework in Frameworks */ = {isa = PBXBuildFile; fileRef = 154479866E736C231812085D /* Pods_MovieHubTests.framework */; };
		E607C015EF5F2128F444CEAB /* Pods_MovieHub.framework in Frameworks */ = {isa = PBXBuildFile; fileRef = 32A382374229D258A168AC87 /* Pods_MovieHub.framework */; };
		E89246B30B774E97392CB185 /* Pods_MovieHub_MovieHubUITests.framework in Frameworks */ = {isa = PBXBuildFile; fileRef = 0C0285FE8E58F01D299B2244 /* Pods_MovieHub_MovieHubUITests.framework */; };
/* End PBXBuildFile section */

/* Begin PBXContainerItemProxy section */
		7F18DF0C2EC778A10029D16F /* PBXContainerItemProxy */ = {
			isa = PBXContainerItemProxy;
			containerPortal = 7F18DEEA2EC778A00029D16F /* Project object */;
			proxyType = 1;
			remoteGlobalIDString = 7F18DEF12EC778A00029D16F;
			remoteInfo = MovieHub;
		};
		7F18DF162EC778A10029D16F /* PBXContainerItemProxy */ = {
			isa = PBXContainerItemProxy;
			containerPortal = 7F18DEEA2EC778A00029D16F /* Project object */;
			proxyType = 1;
			remoteGlobalIDString = 7F18DEF12EC778A00029D16F;
			remoteInfo = MovieHub;
		};
/* End PBXContainerItemProxy section */

/* Begin PBXFileReference section */
		0C0285FE8E58F01D299B2244 /* Pods_MovieHub_MovieHubUITests.framework */ = {isa = PBXFileReference; explicitFileType = wrapper.framework; includeInIndex = 0; path = Pods_MovieHub_MovieHubUITests.framework; sourceTree = BUILT_PRODUCTS_DIR; };
		154479866E736C231812085D /* Pods_MovieHubTests.framework */ = {isa = PBXFileReference; explicitFileType = wrapper.framework; includeInIndex = 0; path = Pods_MovieHubTests.framework; sourceTree = BUILT_PRODUCTS_DIR; };
		168319FB3013D6CF295089C8 /* Pods-MovieHubTests.debug.xcconfig */ = {isa = PBXFileReference; includeInIndex = 1; lastKnownFileType = text.xcconfig; name = "Pods-MovieHubTests.debug.xcconfig"; path = "Target Support Files/Pods-MovieHubTests/Pods-MovieHubTests.debug.xcconfig"; sourceTree = "<group>"; };
		32A382374229D258A168AC87 /* Pods_MovieHub.framework */ = {isa = PBXFileReference; explicitFileType = wrapper.framework; includeInIndex = 0; path = Pods_MovieHub.framework; sourceTree = BUILT_PRODUCTS_DIR; };
		49F85617EED09EB5696A048C /* Pods-MovieHub.debug.xcconfig */ = {isa = PBXFileReference; includeInIndex = 1; lastKnownFileType = text.xcconfig; name = "Pods-MovieHub.debug.xcconfig"; path = "Target Support Files/Pods-MovieHub/Pods-MovieHub.debug.xcconfig"; sourceTree = "<group>"; };
		680B9FD996DFB0877F39ECC3 /* Pods-MovieHub-MovieHubUITests.debug.xcconfig */ = {isa = PBXFileReference; includeInIndex = 1; lastKnownFileType = text.xcconfig; name = "Pods-MovieHub-MovieHubUITests.debug.xcconfig"; path = "Target Support Files/Pods-MovieHub-MovieHubUITests/Pods-MovieHub-MovieHubUITests.debug.xcconfig"; sourceTree = "<group>"; };
		7F18DEF22EC778A00029D16F /* MovieHub.app */ = {isa = PBXFileReference; explicitFileType = wrapper.application; includeInIndex = 0; path = MovieHub.app; sourceTree = BUILT_PRODUCTS_DIR; };
		7F18DF0B2EC778A10029D16F /* MovieHubTests.xctest */ = {isa = PBXFileReference; explicitFileType = wrapper.cfbundle; includeInIndex = 0; path = MovieHubTests.xctest; sourceTree = BUILT_PRODUCTS_DIR; };
		7F18DF152EC778A10029D16F /* MovieHubUITests.xctest */ = {isa = PBXFileReference; explicitFileType = wrapper.cfbundle; includeInIndex = 0; path = MovieHubUITests.xctest; sourceTree = BUILT_PRODUCTS_DIR; };
		92E4B942A8F3FC9B2D151C79 /* Pods-MovieHub.release.xcconfig */ = {isa = PBXFileReference; includeInIndex = 1; lastKnownFileType = text.xcconfig; name = "Pods-MovieHub.release.xcconfig"; path = "Target Support Files/Pods-MovieHub/Pods-MovieHub.release.xcconfig"; sourceTree = "<group>"; };
		BFAB79F213F87D50DDDDA2D1 /* Pods-MovieHubTests.release.xcconfig */ = {isa = PBXFileReference; includeInIndex = 1; lastKnownFileType = text.xcconfig; name = "Pods-MovieHubTests.release.xcconfig"; path = "Target Support Files/Pods-MovieHubTests/Pods-MovieHubTests.release.xcconfig"; sourceTree = "<group>"; };
		C8F6790AF0A02361EED54D20 /* Pods-MovieHub-MovieHubUITests.release.xcconfig */ = {isa = PBXFileReference; includeInIndex = 1; lastKnownFileType = text.xcconfig; name = "Pods-MovieHub-MovieHubUITests.release.xcconfig"; path = "Target Support Files/Pods-MovieHub-MovieHubUITests/Pods-MovieHub-MovieHubUITests.release.xcconfig"; sourceTree = "<group>"; };
/* End PBXFileReference section */

/* Begin PBXFileSystemSynchronizedBuildFileExceptionSet section */
		7F18DF1D2EC778A10029D16F /* Exceptions for "MovieHub" folder in "MovieHub" target */ = {
			isa = PBXFileSystemSynchronizedBuildFileExceptionSet;
			membershipExceptions = (
				Info.plist,
			);
			target = 7F18DEF12EC778A00029D16F /* MovieHub */;
		};
/* End PBXFileSystemSynchronizedBuildFileExceptionSet section */

/* Begin PBXFileSystemSynchronizedRootGroup section */
		7F18DEF42EC778A00029D16F /* MovieHub */ = {
			isa = PBXFileSystemSynchronizedRootGroup;
			exceptions = (
				7F18DF1D2EC778A10029D16F /* Exceptions for "MovieHub" folder in "MovieHub" target */,
			);
			path = MovieHub;
			sourceTree = "<group>";
		};
		7F18DF0E2EC778A10029D16F /* MovieHubTests */ = {
			isa = PBXFileSystemSynchronizedRootGroup;
			path = MovieHubTests;
			sourceTree = "<group>";
		};
		7F18DF182EC778A10029D16F /* MovieHubUITests */ = {
			isa = PBXFileSystemSynchronizedRootGroup;
			path = MovieHubUITests;
			sourceTree = "<group>";
		};
/* End PBXFileSystemSynchronizedRootGroup section */

/* Begin PBXFrameworksBuildPhase section */
		7F18DEEF2EC778A00029D16F /* Frameworks */ = {
			isa = PBXFrameworksBuildPhase;
			buildActionMask = 2147483647;
			files = (
				E607C015EF5F2128F444CEAB /* Pods_MovieHub.framework in Frameworks */,
			);
			runOnlyForDeploymentPostprocessing = 0;
		};
		7F18DF082EC778A10029D16F /* Frameworks */ = {
			isa = PBXFrameworksBuildPhase;
			buildActionMask = 2147483647;
			files = (
				6D006F932B217A6C51F5B6C3 /* Pods_MovieHubTests.framework in Frameworks */,
			);
			runOnlyForDeploymentPostprocessing = 0;
		};
		7F18DF122EC778A10029D16F /* Frameworks */ = {
			isa = PBXFrameworksBuildPhase;
			buildActionMask = 2147483647;
			files = (
				E89246B30B774E97392CB185 /* Pods_MovieHub_MovieHubUITests.framework in Frameworks */,
			);
			runOnlyForDeploymentPostprocessing = 0;
		};
/* End PBXFrameworksBuildPhase section */

/* Begin PBXGroup section */
		314CD9EDB9E671903F36B9A1 /* Frameworks */ = {
			isa = PBXGroup;
			children = (
				32A382374229D258A168AC87 /* Pods_MovieHub.framework */,
				0C0285FE8E58F01D299B2244 /* Pods_MovieHub_MovieHubUITests.framework */,
				154479866E736C231812085D /* Pods_MovieHubTests.framework */,
			);
			name = Frameworks;
			sourceTree = "<group>";
		};
		7F18DEE92EC778A00029D16F = {
			isa = PBXGroup;
			children = (
				7F18DEF42EC778A00029D16F /* MovieHub */,
				7F18DF0E2EC778A10029D16F /* MovieHubTests */,
				7F18DF182EC778A10029D16F /* MovieHubUITests */,
				7F18DEF32EC778A00029D16F /* Products */,
				A4B3946577E8C20A76BCCCA2 /* Pods */,
				314CD9EDB9E671903F36B9A1 /* Frameworks */,
			);
			sourceTree = "<group>";
		};
		7F18DEF32EC778A00029D16F /* Products */ = {
			isa = PBXGroup;
			children = (
				7F18DEF22EC778A00029D16F /* MovieHub.app */,
				7F18DF0B2EC778A10029D16F /* MovieHubTests.xctest */,
				7F18DF152EC778A10029D16F /* MovieHubUITests.xctest */,
			);
			name = Products;
			sourceTree = "<group>";
		};
		A4B3946577E8C20A76BCCCA2 /* Pods */ = {
			isa = PBXGroup;
			children = (
				49F85617EED09EB5696A048C /* Pods-MovieHub.debug.xcconfig */,
				92E4B942A8F3FC9B2D151C79 /* Pods-MovieHub.release.xcconfig */,
				680B9FD996DFB0877F39ECC3 /* Pods-MovieHub-MovieHubUITests.debug.xcconfig */,
				C8F6790AF0A02361EED54D20 /* Pods-MovieHub-MovieHubUITests.release.xcconfig */,
				168319FB3013D6CF295089C8 /* Pods-MovieHubTests.debug.xcconfig */,
				BFAB79F213F87D50DDDDA2D1 /* Pods-MovieHubTests.release.xcconfig */,
			);
			path = Pods;
			sourceTree = "<group>";
		};
/* End PBXGroup section */

/* Begin PBXNativeTarget section */
		7F18DEF12EC778A00029D16F /* MovieHub */ = {
			isa = PBXNativeTarget;
			buildConfigurationList = 7F18DF1E2EC778A10029D16F /* Build configuration list for PBXNativeTarget "MovieHub" */;
			buildPhases = (
				794F4679712009E9D315B7F4 /* [CP] Check Pods Manifest.lock */,
				7F18DEEE2EC778A00029D16F /* Sources */,
				7F18DEEF2EC778A00029D16F /* Frameworks */,
				7F18DEF02EC778A00029D16F /* Resources */,
				DD82838FF9CDA334F830388E /* [CP] Copy Pods Resources */,
			);
			buildRules = (
			);
			dependencies = (
			);
			fileSystemSynchronizedGroups = (
				7F18DEF42EC778A00029D16F /* MovieHub */,
			);
			name = MovieHub;
			productName = MovieHub;
			productReference = 7F18DEF22EC778A00029D16F /* MovieHub.app */;
			productType = "com.apple.product-type.application";
		};
		7F18DF0A2EC778A10029D16F /* MovieHubTests */ = {
			isa = PBXNativeTarget;
			buildConfigurationList = 7F18DF232EC778A10029D16F /* Build configuration list for PBXNativeTarget "MovieHubTests" */;
			buildPhases = (
				A71D9CE9BCFBEE7E26228FEC /* [CP] Check Pods Manifest.lock */,
				7F18DF072EC778A10029D16F /* Sources */,
				7F18DF082EC778A10029D16F /* Frameworks */,
				7F18DF092EC778A10029D16F /* Resources */,
			);
			buildRules = (
			);
			dependencies = (
				7F18DF0D2EC778A10029D16F /* PBXTargetDependency */,
			);
			fileSystemSynchronizedGroups = (
				7F18DF0E2EC778A10029D16F /* MovieHubTests */,
			);
			name = MovieHubTests;
			productName = MovieHubTests;
			productReference = 7F18DF0B2EC778A10029D16F /* MovieHubTests.xctest */;
			productType = "com.apple.product-type.bundle.unit-test";
		};
		7F18DF142EC778A10029D16F /* MovieHubUITests */ = {
			isa = PBXNativeTarget;
			buildConfigurationList = 7F18DF262EC778A10029D16F /* Build configuration list for PBXNativeTarget "MovieHubUITests" */;
			buildPhases = (
				75CF1556910A3B239CDFB860 /* [CP] Check Pods Manifest.lock */,
				7F18DF112EC778A10029D16F /* Sources */,
				7F18DF122EC778A10029D16F /* Frameworks */,
				7F18DF132EC778A10029D16F /* Resources */,
				BFA34E0449274CA924BB8937 /* [CP] Copy Pods Resources */,
			);
			buildRules = (
			);
			dependencies = (
				7F18DF172EC778A10029D16F /* PBXTargetDependency */,
			);
			fileSystemSynchronizedGroups = (
				7F18DF182EC778A10029D16F /* MovieHubUITests */,
			);
			name = MovieHubUITests;
			productName = MovieHubUITests;
			productReference = 7F18DF152EC778A10029D16F /* MovieHubUITests.xctest */;
			productType = "com.apple.product-type.bundle.ui-testing";
		};
/* End PBXNativeTarget section */

/* Begin PBXProject section */
		7F18DEEA2EC778A00029D16F /* Project object */ = {
			isa = PBXProject;
			attributes = {
				BuildIndependentTargetsInParallel = 1;
				LastSwiftUpdateCheck = 2600;
				LastUpgradeCheck = 2600;
				TargetAttributes = {
					7F18DEF12EC778A00029D16F = {
						CreatedOnToolsVersion = 26.0.1;
					};
					7F18DF0A2EC778A10029D16F = {
						CreatedOnToolsVersion = 26.0.1;
						TestTargetID = 7F18DEF12EC778A00029D16F;
					};
					7F18DF142EC778A10029D16F = {
						CreatedOnToolsVersion = 26.0.1;
						TestTargetID = 7F18DEF12EC778A00029D16F;
					};
				};
			};
			buildConfigurationList = 7F18DEED2EC778A00029D16F /* Build configuration list for PBXProject "MovieHub" */;
			developmentRegion = en;
			hasScannedForEncodings = 0;
			knownRegions = (
				en,
				Base,
			);
			mainGroup = 7F18DEE92EC778A00029D16F;
			minimizedProjectReferenceProxies = 1;
			preferredProjectObjectVersion = 77;
			productRefGroup = 7F18DEF32EC778A00029D16F /* Products */;
			projectDirPath = "";
			projectRoot = "";
			targets = (
				7F18DEF12EC778A00029D16F /* MovieHub */,
				7F18DF0A2EC778A10029D16F /* MovieHubTests */,
				7F18DF142EC778A10029D16F /* MovieHubUITests */,
			);
		};
/* End PBXProject section */

/* Begin PBXResourcesBuildPhase section */
		7F18DEF02EC778A00029D16F /* Resources */ = {
			isa = PBXResourcesBuildPhase;
			buildActionMask = 2147483647;
			files = (
			);
			runOnlyForDeploymentPostprocessing = 0;
		};
		7F18DF092EC778A10029D16F /* Resources */ = {
			isa = PBXResourcesBuildPhase;
			buildActionMask = 2147483647;
			files = (
			);
			runOnlyForDeploymentPostprocessing = 0;
		};
		7F18DF132EC778A10029D16F /* Resources */ = {
			isa = PBXResourcesBuildPhase;
			buildActionMask = 2147483647;
			files = (
			);
			runOnlyForDeploymentPostprocessing = 0;
		};
/* End PBXResourcesBuildPhase section */

/* Begin PBXShellScriptBuildPhase section */
		75CF1556910A3B239CDFB860 /* [CP] Check Pods Manifest.lock */ = {
			isa = PBXShellScriptBuildPhase;
			buildActionMask = 2147483647;
			files = (
			);
			inputFileListPaths = (
			);
			inputPaths = (
				"${PODS_PODFILE_DIR_PATH}/Podfile.lock",
				"${PODS_ROOT}/Manifest.lock",
			);
			name = "[CP] Check Pods Manifest.lock";
			outputFileListPaths = (
			);
			outputPaths = (
				"$(DERIVED_FILE_DIR)/Pods-MovieHub-MovieHubUITests-checkManifestLockResult.txt",
			);
			runOnlyForDeploymentPostprocessing = 0;
			shellPath = /bin/sh;
			shellScript = "diff \"${PODS_PODFILE_DIR_PATH}/Podfile.lock\" \"${PODS_ROOT}/Manifest.lock\" > /dev/null\nif [ $? != 0 ] ; then\n    # print error to STDERR\n    echo \"error: The sandbox is not in sync with the Podfile.lock. Run 'pod install' or update your CocoaPods installation.\" >&2\n    exit 1\nfi\n# This output is used by Xcode 'outputs' to avoid re-running this script phase.\necho \"SUCCESS\" > \"${SCRIPT_OUTPUT_FILE_0}\"\n";
			showEnvVarsInLog = 0;
		};
		794F4679712009E9D315B7F4 /* [CP] Check Pods Manifest.lock */ = {
			isa = PBXShellScriptBuildPhase;
			buildActionMask = 2147483647;
			files = (
			);
			inputFileListPaths = (
			);
			inputPaths = (
				"${PODS_PODFILE_DIR_PATH}/Podfile.lock",
				"${PODS_ROOT}/Manifest.lock",
			);
			name = "[CP] Check Pods Manifest.lock";
			outputFileListPaths = (
			);
			outputPaths = (
				"$(DERIVED_FILE_DIR)/Pods-MovieHub-checkManifestLockResult.txt",
			);
			runOnlyForDeploymentPostprocessing = 0;
			shellPath = /bin/sh;
			shellScript = "diff \"${PODS_PODFILE_DIR_PATH}/Podfile.lock\" \"${PODS_ROOT}/Manifest.lock\" > /dev/null\nif [ $? != 0 ] ; then\n    # print error to STDERR\n    echo \"error: The sandbox is not in sync with the Podfile.lock. Run 'pod install' or update your CocoaPods installation.\" >&2\n    exit 1\nfi\n# This output is used by Xcode 'outputs' to avoid re-running this script phase.\necho \"SUCCESS\" > \"${SCRIPT_OUTPUT_FILE_0}\"\n";
			showEnvVarsInLog = 0;
		};
		A71D9CE9BCFBEE7E26228FEC /* [CP] Check Pods Manifest.lock */ = {
			isa = PBXShellScriptBuildPhase;
			buildActionMask = 2147483647;
			files = (
			);
			inputFileListPaths = (
			);
			inputPaths = (
				"${PODS_PODFILE_DIR_PATH}/Podfile.lock",
				"${PODS_ROOT}/Manifest.lock",
			);
			name = "[CP] Check Pods Manifest.lock";
			outputFileListPaths = (
			);
			outputPaths = (
				"$(DERIVED_FILE_DIR)/Pods-MovieHubTests-checkManifestLockResult.txt",
			);
			runOnlyForDeploymentPostprocessing = 0;
			shellPath = /bin/sh;
			shellScript = "diff \"${PODS_PODFILE_DIR_PATH}/Podfile.lock\" \"${PODS_ROOT}/Manifest.lock\" > /dev/null\nif [ $? != 0 ] ; then\n    # print error to STDERR\n    echo \"error: The sandbox is not in sync with the Podfile.lock. Run 'pod install' or update your CocoaPods installation.\" >&2\n    exit 1\nfi\n# This output is used by Xcode 'outputs' to avoid re-running this script phase.\necho \"SUCCESS\" > \"${SCRIPT_OUTPUT_FILE_0}\"\n";
			showEnvVarsInLog = 0;
		};
		BFA34E0449274CA924BB8937 /* [CP] Copy Pods Resources */ = {
			isa = PBXShellScriptBuildPhase;
			buildActionMask = 2147483647;
			files = (
			);
			inputFileListPaths = (
				"${PODS_ROOT}/Target Support Files/Pods-MovieHub-MovieHubUITests/Pods-MovieHub-MovieHubUITests-resources-${CONFIGURATION}-input-files.xcfilelist",
			);
			inputPaths = (
			);
			name = "[CP] Copy Pods Resources";
			outputFileListPaths = (
				"${PODS_ROOT}/Target Support Files/Pods-MovieHub-MovieHubUITests/Pods-MovieHub-MovieHubUITests-resources-${CONFIGURATION}-output-files.xcfilelist",
			);
			outputPaths = (
			);
			runOnlyForDeploymentPostprocessing = 0;
			shellPath = /bin/sh;
			shellScript = "\"${PODS_ROOT}/Target Support Files/Pods-MovieHub-MovieHubUITests/Pods-MovieHub-MovieHubUITests-resources.sh\"\n";
			showEnvVarsInLog = 0;
		};
		DD82838FF9CDA334F830388E /* [CP] Copy Pods Resources */ = {
			isa = PBXShellScriptBuildPhase;
			buildActionMask = 2147483647;
			files = (
			);
			inputFileListPaths = (
				"${PODS_ROOT}/Target Support Files/Pods-MovieHub/Pods-MovieHub-resources-${CONFIGURATION}-input-files.xcfilelist",
			);
			inputPaths = (
			);
			name = "[CP] Copy Pods Resources";
			outputFileListPaths = (
				"${PODS_ROOT}/Target Support Files/Pods-MovieHub/Pods-MovieHub-resources-${CONFIGURATION}-output-files.xcfilelist",
			);
			outputPaths = (
			);
			runOnlyForDeploymentPostprocessing = 0;
			shellPath = /bin/sh;
			shellScript = "\"${PODS_ROOT}/Target Support Files/Pods-MovieHub/Pods-MovieHub-resources.sh\"\n";
			showEnvVarsInLog = 0;
		};
/* End PBXShellScriptBuildPhase section */

/* Begin PBXSourcesBuildPhase section */
		7F18DEEE2EC778A00029D16F /* Sources */ = {
			isa = PBXSourcesBuildPhase;
			buildActionMask = 2147483647;
			files = (
			);
			runOnlyForDeploymentPostprocessing = 0;
		};
		7F18DF072EC778A10029D16F /* Sources */ = {
			isa = PBXSourcesBuildPhase;
			buildActionMask = 2147483647;
			files = (
			);
			runOnlyForDeploymentPostprocessing = 0;
		};
		7F18DF112EC778A10029D16F /* Sources */ = {
			isa = PBXSourcesBuildPhase;
			buildActionMask = 2147483647;
			files = (
			);
			runOnlyForDeploymentPostprocessing = 0;
		};
/* End PBXSourcesBuildPhase section */

/* Begin PBXTargetDependency section */
		7F18DF0D2EC778A10029D16F /* PBXTargetDependency */ = {
			isa = PBXTargetDependency;
			target = 7F18DEF12EC778A00029D16F /* MovieHub */;
			targetProxy = 7F18DF0C2EC778A10029D16F /* PBXContainerItemProxy */;
		};
		7F18DF172EC778A10029D16F /* PBXTargetDependency */ = {
			isa = PBXTargetDependency;
			target = 7F18DEF12EC778A00029D16F /* MovieHub */;
			targetProxy = 7F18DF162EC778A10029D16F /* PBXContainerItemProxy */;
		};
/* End PBXTargetDependency section */

/* Begin XCBuildConfiguration section */
		7F18DF1F2EC778A10029D16F /* Debug */ = {
			isa = XCBuildConfiguration;
			baseConfigurationReference = 49F85617EED09EB5696A048C /* Pods-MovieHub.debug.xcconfig */;
			buildSettings = {
				ASSETCATALOG_COMPILER_APPICON_NAME = AppIcon;
				ASSETCATALOG_COMPILER_GLOBAL_ACCENT_COLOR_NAME = AccentColor;
				CODE_SIGN_STYLE = Automatic;
				CURRENT_PROJECT_VERSION = 1;
				DEVELOPMENT_TEAM = FY39LJ4W2H;
				GENERATE_INFOPLIST_FILE = YES;
				INFOPLIST_FILE = MovieHub/Info.plist;
				INFOPLIST_KEY_CFBundleDisplayName = MovieHub;
				INFOPLIST_KEY_LSApplicationCategoryType = "public.app-category.entertainment";
				INFOPLIST_KEY_UIApplicationSupportsIndirectInputEvents = YES;
				INFOPLIST_KEY_UILaunchStoryboardName = LaunchScreen;
				INFOPLIST_KEY_UIMainStoryboardFile = "";
				INFOPLIST_KEY_UIStatusBarStyle = "";
				INFOPLIST_KEY_UISupportedInterfaceOrientations_iPad = "UIInterfaceOrientationPortrait UIInterfaceOrientationPortraitUpsideDown UIInterfaceOrientationLandscapeLeft UIInterfaceOrientationLandscapeRight";
				INFOPLIST_KEY_UISupportedInterfaceOrientations_iPhone = "UIInterfaceOrientationPortrait UIInterfaceOrientationLandscapeLeft UIInterfaceOrientationLandscapeRight";
				IPHONEOS_DEPLOYMENT_TARGET = 15.6;
				LD_RUNPATH_SEARCH_PATHS = (
					"$(inherited)",
					"@executable_path/Frameworks",
				);
				MARKETING_VERSION = 1.0;
				PRODUCT_BUNDLE_IDENTIFIER = sample.MovieHub;
				PRODUCT_NAME = "$(TARGET_NAME)";
				STRING_CATALOG_GENERATE_SYMBOLS = YES;
				SWIFT_APPROACHABLE_CONCURRENCY = YES;
				SWIFT_DEFAULT_ACTOR_ISOLATION = MainActor;
				SWIFT_EMIT_LOC_STRINGS = YES;
				SWIFT_UPCOMING_FEATURE_MEMBER_IMPORT_VISIBILITY = YES;
				SWIFT_VERSION = 5.0;
				TARGETED_DEVICE_FAMILY = "1,2";
			};
			name = Debug;
		};
		7F18DF202EC778A10029D16F /* Release */ = {
			isa = XCBuildConfiguration;
			baseConfigurationReference = 92E4B942A8F3FC9B2D151C79 /* Pods-MovieHub.release.xcconfig */;
			buildSettings = {
				ASSETCATALOG_COMPILER_APPICON_NAME = AppIcon;
				ASSETCATALOG_COMPILER_GLOBAL_ACCENT_COLOR_NAME = AccentColor;
				CODE_SIGN_STYLE = Automatic;
				CURRENT_PROJECT_VERSION = 1;
				DEVELOPMENT_TEAM = FY39LJ4W2H;
				GENERATE_INFOPLIST_FILE = YES;
				INFOPLIST_FILE = MovieHub/Info.plist;
				INFOPLIST_KEY_CFBundleDisplayName = MovieHub;
				INFOPLIST_KEY_LSApplicationCategoryType = "public.app-category.entertainment";
				INFOPLIST_KEY_UIApplicationSupportsIndirectInputEvents = YES;
				INFOPLIST_KEY_UILaunchStoryboardName = LaunchScreen;
				INFOPLIST_KEY_UIMainStoryboardFile = "";
				INFOPLIST_KEY_UIStatusBarStyle = "";
				INFOPLIST_KEY_UISupportedInterfaceOrientations_iPad = "UIInterfaceOrientationPortrait UIInterfaceOrientationPortraitUpsideDown UIInterfaceOrientationLandscapeLeft UIInterfaceOrientationLandscapeRight";
				INFOPLIST_KEY_UISupportedInterfaceOrientations_iPhone = "UIInterfaceOrientationPortrait UIInterfaceOrientationLandscapeLeft UIInterfaceOrientationLandscapeRight";
				IPHONEOS_DEPLOYMENT_TARGET = 15.6;
				LD_RUNPATH_SEARCH_PATHS = (
					"$(inherited)",
					"@executable_path/Frameworks",
				);
				MARKETING_VERSION = 1.0;
				PRODUCT_BUNDLE_IDENTIFIER = sample.MovieHub;
				PRODUCT_NAME = "$(TARGET_NAME)";
				STRING_CATALOG_GENERATE_SYMBOLS = YES;
				SWIFT_APPROACHABLE_CONCURRENCY = YES;
				SWIFT_DEFAULT_ACTOR_ISOLATION = MainActor;
				SWIFT_EMIT_LOC_STRINGS = YES;
				SWIFT_UPCOMING_FEATURE_MEMBER_IMPORT_VISIBILITY = YES;
				SWIFT_VERSION = 5.0;
				TARGETED_DEVICE_FAMILY = "1,2";
			};
			name = Release;
		};
		7F18DF212EC778A10029D16F /* Debug */ = {
			isa = XCBuildConfiguration;
			buildSettings = {
				ALWAYS_SEARCH_USER_PATHS = NO;
				ASSETCATALOG_COMPILER_GENERATE_SWIFT_ASSET_SYMBOL_EXTENSIONS = YES;
				CLANG_ANALYZER_NONNULL = YES;
				CLANG_ANALYZER_NUMBER_OBJECT_CONVERSION = YES_AGGRESSIVE;
				CLANG_CXX_LANGUAGE_STANDARD = "gnu++20";
				CLANG_ENABLE_MODULES = YES;
				CLANG_ENABLE_OBJC_ARC = YES;
				CLANG_ENABLE_OBJC_WEAK = YES;
				CLANG_WARN_BLOCK_CAPTURE_AUTORELEASING = YES;
				CLANG_WARN_BOOL_CONVERSION = YES;
				CLANG_WARN_COMMA = YES;
				CLANG_WARN_CONSTANT_CONVERSION = YES;
				CLANG_WARN_DEPRECATED_OBJC_IMPLEMENTATIONS = YES;
				CLANG_WARN_DIRECT_OBJC_ISA_USAGE = YES_ERROR;
				CLANG_WARN_DOCUMENTATION_COMMENTS = YES;
				CLANG_WARN_EMPTY_BODY = YES;
				CLANG_WARN_ENUM_CONVERSION = YES;
				CLANG_WARN_INFINITE_RECURSION = YES;
				CLANG_WARN_INT_CONVERSION = YES;
				CLANG_WARN_NON_LITERAL_NULL_CONVERSION = YES;
				CLANG_WARN_OBJC_IMPLICIT_RETAIN_SELF = YES;
				CLANG_WARN_OBJC_LITERAL_CONVERSION = YES;
				CLANG_WARN_OBJC_ROOT_CLASS = YES_ERROR;
				CLANG_WARN_QUOTED_INCLUDE_IN_FRAMEWORK_HEADER = YES;
				CLANG_WARN_RANGE_LOOP_ANALYSIS = YES;
				CLANG_WARN_STRICT_PROTOTYPES = YES;
				CLANG_WARN_SUSPICIOUS_MOVE = YES;
				CLANG_WARN_UNGUARDED_AVAILABILITY = YES_AGGRESSIVE;
				CLANG_WARN_UNREACHABLE_CODE = YES;
				CLANG_WARN__DUPLICATE_METHOD_MATCH = YES;
				COPY_PHASE_STRIP = NO;
				DEBUG_INFORMATION_FORMAT = dwarf;
				DEVELOPMENT_TEAM = FY39LJ4W2H;
				ENABLE_STRICT_OBJC_MSGSEND = YES;
				ENABLE_TESTABILITY = YES;
				ENABLE_USER_SCRIPT_SANDBOXING = NO;
				GCC_C_LANGUAGE_STANDARD = gnu17;
				GCC_DYNAMIC_NO_PIC = NO;
				GCC_NO_COMMON_BLOCKS = YES;
				GCC_OPTIMIZATION_LEVEL = 0;
				GCC_PREPROCESSOR_DEFINITIONS = (
					"DEBUG=1",
					"$(inherited)",
				);
				GCC_WARN_64_TO_32_BIT_CONVERSION = YES;
				GCC_WARN_ABOUT_RETURN_TYPE = YES_ERROR;
				GCC_WARN_UNDECLARED_SELECTOR = YES;
				GCC_WARN_UNINITIALIZED_AUTOS = YES_AGGRESSIVE;
				GCC_WARN_UNUSED_FUNCTION = YES;
				GCC_WARN_UNUSED_VARIABLE = YES;
				IPHONEOS_DEPLOYMENT_TARGET = 26.0;
				LOCALIZATION_PREFERS_STRING_CATALOGS = YES;
				MTL_ENABLE_DEBUG_INFO = INCLUDE_SOURCE;
				MTL_FAST_MATH = YES;
				ONLY_ACTIVE_ARCH = YES;
				SDKROOT = iphoneos;
				SWIFT_ACTIVE_COMPILATION_CONDITIONS = "DEBUG $(inherited)";
				SWIFT_OPTIMIZATION_LEVEL = "-Onone";
			};
			name = Debug;
		};
		7F18DF222EC778A10029D16F /* Release */ = {
			isa = XCBuildConfiguration;
			buildSettings = {
				ALWAYS_SEARCH_USER_PATHS = NO;
				ASSETCATALOG_COMPILER_GENERATE_SWIFT_ASSET_SYMBOL_EXTENSIONS = YES;
				CLANG_ANALYZER_NONNULL = YES;
				CLANG_ANALYZER_NUMBER_OBJECT_CONVERSION = YES_AGGRESSIVE;
				CLANG_CXX_LANGUAGE_STANDARD = "gnu++20";
				CLANG_ENABLE_MODULES = YES;
				CLANG_ENABLE_OBJC_ARC = YES;
				CLANG_ENABLE_OBJC_WEAK = YES;
				CLANG_WARN_BLOCK_CAPTURE_AUTORELEASING = YES;
				CLANG_WARN_BOOL_CONVERSION = YES;
				CLANG_WARN_COMMA = YES;
				CLANG_WARN_CONSTANT_CONVERSION = YES;
				CLANG_WARN_DEPRECATED_OBJC_IMPLEMENTATIONS = YES;
				CLANG_WARN_DIRECT_OBJC_ISA_USAGE = YES_ERROR;
				CLANG_WARN_DOCUMENTATION_COMMENTS = YES;
				CLANG_WARN_EMPTY_BODY = YES;
				CLANG_WARN_ENUM_CONVERSION = YES;
				CLANG_WARN_INFINITE_RECURSION = YES;
				CLANG_WARN_INT_CONVERSION = YES;
				CLANG_WARN_NON_LITERAL_NULL_CONVERSION = YES;
				CLANG_WARN_OBJC_IMPLICIT_RETAIN_SELF = YES;
				CLANG_WARN_OBJC_LITERAL_CONVERSION = YES;
				CLANG_WARN_OBJC_ROOT_CLASS = YES_ERROR;
				CLANG_WARN_QUOTED_INCLUDE_IN_FRAMEWORK_HEADER = YES;
				CLANG_WARN_RANGE_LOOP_ANALYSIS = YES;
				CLANG_WARN_STRICT_PROTOTYPES = YES;
				CLANG_WARN_SUSPICIOUS_MOVE = YES;
				CLANG_WARN_UNGUARDED_AVAILABILITY = YES_AGGRESSIVE;
				CLANG_WARN_UNREACHABLE_CODE = YES;
				CLANG_WARN__DUPLICATE_METHOD_MATCH = YES;
				COPY_PHASE_STRIP = NO;
				DEBUG_INFORMATION_FORMAT = "dwarf-with-dsym";
				DEVELOPMENT_TEAM = FY39LJ4W2H;
				ENABLE_NS_ASSERTIONS = NO;
				ENABLE_STRICT_OBJC_MSGSEND = YES;
				ENABLE_USER_SCRIPT_SANDBOXING = NO;
				GCC_C_LANGUAGE_STANDARD = gnu17;
				GCC_NO_COMMON_BLOCKS = YES;
				GCC_WARN_64_TO_32_BIT_CONVERSION = YES;
				GCC_WARN_ABOUT_RETURN_TYPE = YES_ERROR;
				GCC_WARN_UNDECLARED_SELECTOR = YES;
				GCC_WARN_UNINITIALIZED_AUTOS = YES_AGGRESSIVE;
				GCC_WARN_UNUSED_FUNCTION = YES;
				GCC_WARN_UNUSED_VARIABLE = YES;
				IPHONEOS_DEPLOYMENT_TARGET = 26.0;
				LOCALIZATION_PREFERS_STRING_CATALOGS = YES;
				MTL_ENABLE_DEBUG_INFO = NO;
				MTL_FAST_MATH = YES;
				SDKROOT = iphoneos;
				SWIFT_COMPILATION_MODE = wholemodule;
				VALIDATE_PRODUCT = YES;
			};
			name = Release;
		};
		7F18DF242EC778A10029D16F /* Debug */ = {
			isa = XCBuildConfiguration;
			baseConfigurationReference = 168319FB3013D6CF295089C8 /* Pods-MovieHubTests.debug.xcconfig */;
			buildSettings = {
				BUNDLE_LOADER = "$(TEST_HOST)";
				CODE_SIGN_STYLE = Automatic;
				CURRENT_PROJECT_VERSION = 1;
				DEVELOPMENT_TEAM = FY39LJ4W2H;
				GENERATE_INFOPLIST_FILE = YES;
				IPHONEOS_DEPLOYMENT_TARGET = 26.0;
				MARKETING_VERSION = 1.0;
				PRODUCT_BUNDLE_IDENTIFIER = sample.MovieHubTests;
				PRODUCT_NAME = "$(TARGET_NAME)";
				STRING_CATALOG_GENERATE_SYMBOLS = NO;
				SWIFT_APPROACHABLE_CONCURRENCY = YES;
				SWIFT_EMIT_LOC_STRINGS = NO;
				SWIFT_UPCOMING_FEATURE_MEMBER_IMPORT_VISIBILITY = YES;
				SWIFT_VERSION = 5.0;
				TARGETED_DEVICE_FAMILY = "1,2";
				TEST_HOST = "$(BUILT_PRODUCTS_DIR)/MovieHub.app/$(BUNDLE_EXECUTABLE_FOLDER_PATH)/MovieHub";
			};
			name = Debug;
		};
		7F18DF252EC778A10029D16F /* Release */ = {
			isa = XCBuildConfiguration;
			baseConfigurationReference = BFAB79F213F87D50DDDDA2D1 /* Pods-MovieHubTests.release.xcconfig */;
			buildSettings = {
				BUNDLE_LOADER = "$(TEST_HOST)";
				CODE_SIGN_STYLE = Automatic;
				CURRENT_PROJECT_VERSION = 1;
				DEVELOPMENT_TEAM = FY39LJ4W2H;
				GENERATE_INFOPLIST_FILE = YES;
				IPHONEOS_DEPLOYMENT_TARGET = 26.0;
				MARKETING_VERSION = 1.0;
				PRODUCT_BUNDLE_IDENTIFIER = sample.MovieHubTests;
				PRODUCT_NAME = "$(TARGET_NAME)";
				STRING_CATALOG_GENERATE_SYMBOLS = NO;
				SWIFT_APPROACHABLE_CONCURRENCY = YES;
				SWIFT_EMIT_LOC_STRINGS = NO;
				SWIFT_UPCOMING_FEATURE_MEMBER_IMPORT_VISIBILITY = YES;
				SWIFT_VERSION = 5.0;
				TARGETED_DEVICE_FAMILY = "1,2";
				TEST_HOST = "$(BUILT_PRODUCTS_DIR)/MovieHub.app/$(BUNDLE_EXECUTABLE_FOLDER_PATH)/MovieHub";
			};
			name = Release;
		};
		7F18DF272EC778A10029D16F /* Debug */ = {
			isa = XCBuildConfiguration;
			baseConfigurationReference = 680B9FD996DFB0877F39ECC3 /* Pods-MovieHub-MovieHubUITests.debug.xcconfig */;
			buildSettings = {
				CODE_SIGN_STYLE = Automatic;
				CURRENT_PROJECT_VERSION = 1;
				DEVELOPMENT_TEAM = FY39LJ4W2H;
				GENERATE_INFOPLIST_FILE = YES;
				MARKETING_VERSION = 1.0;
				PRODUCT_BUNDLE_IDENTIFIER = sample.MovieHubUITests;
				PRODUCT_NAME = "$(TARGET_NAME)";
				STRING_CATALOG_GENERATE_SYMBOLS = NO;
				SWIFT_APPROACHABLE_CONCURRENCY = YES;
				SWIFT_EMIT_LOC_STRINGS = NO;
				SWIFT_UPCOMING_FEATURE_MEMBER_IMPORT_VISIBILITY = YES;
				SWIFT_VERSION = 5.0;
				TARGETED_DEVICE_FAMILY = "1,2";
				TEST_TARGET_NAME = MovieHub;
			};
			name = Debug;
		};
		7F18DF282EC778A10029D16F /* Release */ = {
			isa = XCBuildConfiguration;
			baseConfigurationReference = C8F6790AF0A02361EED54D20 /* Pods-MovieHub-MovieHubUITests.release.xcconfig */;
			buildSettings = {
				CODE_SIGN_STYLE = Automatic;
				CURRENT_PROJECT_VERSION = 1;
				DEVELOPMENT_TEAM = FY39LJ4W2H;
				GENERATE_INFOPLIST_FILE = YES;
				MARKETING_VERSION = 1.0;
				PRODUCT_BUNDLE_IDENTIFIER = sample.MovieHubUITests;
				PRODUCT_NAME = "$(TARGET_NAME)";
				STRING_CATALOG_GENERATE_SYMBOLS = NO;
				SWIFT_APPROACHABLE_CONCURRENCY = YES;
				SWIFT_EMIT_LOC_STRINGS = NO;
				SWIFT_UPCOMING_FEATURE_MEMBER_IMPORT_VISIBILITY = YES;
				SWIFT_VERSION = 5.0;
				TARGETED_DEVICE_FAMILY = "1,2";
				TEST_TARGET_NAME = MovieHub;
			};
			name = Release;
		};
/* End XCBuildConfiguration section */

/* Begin XCConfigurationList section */
		7F18DEED2EC778A00029D16F /* Build configuration list for PBXProject "MovieHub" */ = {
			isa = XCConfigurationList;
			buildConfigurations = (
				7F18DF212EC778A10029D16F /* Debug */,
				7F18DF222EC778A10029D16F /* Release */,
			);
			defaultConfigurationIsVisible = 0;
			defaultConfigurationName = Release;
		};
		7F18DF1E2EC778A10029D16F /* Build configuration list for PBXNativeTarget "MovieHub" */ = {
			isa = XCConfigurationList;
			buildConfigurations = (
				7F18DF1F2EC778A10029D16F /* Debug */,
				7F18DF202EC778A10029D16F /* Release */,
			);
			defaultConfigurationIsVisible = 0;
			defaultConfigurationName = Release;
		};
		7F18DF232EC778A10029D16F /* Build configuration list for PBXNativeTarget "MovieHubTests" */ = {
			isa = XCConfigurationList;
			buildConfigurations = (
				7F18DF242EC778A10029D16F /* Debug */,
				7F18DF252EC778A10029D16F /* Release */,
			);
			defaultConfigurationIsVisible = 0;
			defaultConfigurationName = Release;
		};
		7F18DF262EC778A10029D16F /* Build configuration list for PBXNativeTarget "MovieHubUITests" */ = {
			isa = XCConfigurationList;
			buildConfigurations = (
				7F18DF272EC778A10029D16F /* Debug */,
				7F18DF282EC778A10029D16F /* Release */,
			);
			defaultConfigurationIsVisible = 0;
			defaultConfigurationName = Release;
		};
/* End XCConfigurationList section */
	};
	rootObject = 7F18DEEA2EC778A00029D16F /* Project object */;
}
